<?xml version="1.0" encoding="utf-8"?>
<Project ToolsVersion="4.0" xmlns="http://schemas.microsoft.com/developer/msbuild/2003">
  <ItemGroup>
    <Filter Include="src">
      <UniqueIdentifier>{e9b2b8c8-28b3-4eff-986f-98a1b2cd3417}</UniqueIdentifier>
    </Filter>
  </ItemGroup>
  <ItemGroup>
    <ClInclude Include="..\src\main.h">
      <Filter>src</Filter>
    </ClInclude>
    <ClInclude Include="..\src\shipController.h">
      <Filter>src</Filter>
    </ClInclude>
    <ClInclude Include="..\src\circle.h">
      <Filter>src</Filter>
    </ClInclude>
    <ClInclude Include="..\src\essentials.h">
      <Filter>src</Filter>
    </ClInclude>
    <ClInclude Include="..\src\arenaController.h">
      <Filter>src</Filter>
    </ClInclude>
    <ClInclude Include="..\src\asteroidController.h">
      <Filter>src</Filter>
    </ClInclude>
    <ClInclude Include="..\src\shipAsteroidConnection.h">
      <Filter>src</Filter>
    </ClInclude>
    <ClInclude Include="..\src\displayController.h">
      <Filter>src</Filter>
    </ClInclude>
  </ItemGroup>
  <ItemGroup>
    <ClCompile Include="..\src\main.c">
      <Filter>src</Filter>
    </ClCompile>
    <ClCompile Include="..\src\displayController.c">
      <Filter>src</Filter>
    </ClCompile>
    <ClCompile Include="..\src\shipController.c">
      <Filter>src</Filter>
    </ClCompile>
    <ClCompile Include="..\src\circle.c">
      <Filter>src</Filter>
    </ClCompile>
    <ClCompile Include="..\src\arenaController.c">
      <Filter>src</Filter>
    </ClCompile>
    <ClCompile Include="..\src\asteroidController.c">
      <Filter>src</Filter>
    </ClCompile>
  </ItemGroup>
</Project>